// !$*UTF8*$!
{
	archiveVersion = 1;
	classes = {
	};
	objectVersion = 50;
	objects = {

/* Begin PBXBuildFile section */
		FB5F3ED423FC8F0C001B9899 /* AppDelegate.m in Sources */ = {isa = PBXBuildFile; fileRef = FB5F3ED323FC8F0C001B9899 /* AppDelegate.m */; };
		FB5F3ED723FC8F0C001B9899 /* SceneDelegate.m in Sources */ = {isa = PBXBuildFile; fileRef = FB5F3ED623FC8F0C001B9899 /* SceneDelegate.m */; };
		FB5F3EDD23FC8F0C001B9899 /* Main.storyboard in Resources */ = {isa = PBXBuildFile; fileRef = FB5F3EDB23FC8F0C001B9899 /* Main.storyboard */; };
		FB5F3EDF23FC8F0F001B9899 /* Assets.xcassets in Resources */ = {isa = PBXBuildFile; fileRef = FB5F3EDE23FC8F0F001B9899 /* Assets.xcassets */; };
		FB5F3EE223FC8F0F001B9899 /* LaunchScreen.storyboard in Resources */ = {isa = PBXBuildFile; fileRef = FB5F3EE023FC8F0F001B9899 /* LaunchScreen.storyboard */; };
		FB5F3EE523FC8F0F001B9899 /* main.m in Sources */ = {isa = PBXBuildFile; fileRef = FB5F3EE423FC8F0F001B9899 /* main.m */; };
		FB5F3EF223FC93F7001B9899 /* LSITimeTrackerViewController.m in Sources */ = {isa = PBXBuildFile; fileRef = FB5F3EF123FC93F7001B9899 /* LSITimeTrackerViewController.m */; };
/* End PBXBuildFile section */

/* Begin PBXFileReference section */
		FB5F3ECF23FC8F0C001B9899 /* CustomTimeTracker.app */ = {isa = PBXFileReference; explicitFileType = wrapper.application; includeInIndex = 0; path = CustomTimeTracker.app; sourceTree = BUILT_PRODUCTS_DIR; };
		FB5F3ED223FC8F0C001B9899 /* AppDelegate.h */ = {isa = PBXFileReference; lastKnownFileType = sourcecode.c.h; path = AppDelegate.h; sourceTree = "<group>"; };
		FB5F3ED323FC8F0C001B9899 /* AppDelegate.m */ = {isa = PBXFileReference; lastKnownFileType = sourcecode.c.objc; path = AppDelegate.m; sourceTree = "<group>"; };
		FB5F3ED523FC8F0C001B9899 /* SceneDelegate.h */ = {isa = PBXFileReference; lastKnownFileType = sourcecode.c.h; path = SceneDelegate.h; sourceTree = "<group>"; };
		FB5F3ED623FC8F0C001B9899 /* SceneDelegate.m */ = {isa = PBXFileReference; lastKnownFileType = sourcecode.c.objc; path = SceneDelegate.m; sourceTree = "<group>"; };
		FB5F3EDC23FC8F0C001B9899 /* Base */ = {isa = PBXFileReference; lastKnownFileType = file.storyboard; name = Base; path = Base.lproj/Main.storyboard; sourceTree = "<group>"; };
		FB5F3EDE23FC8F0F001B9899 /* Assets.xcassets */ = {isa = PBXFileReference; lastKnownFileType = folder.assetcatalog; path = Assets.xcassets; sourceTree = "<group>"; };
		FB5F3EE123FC8F0F001B9899 /* Base */ = {isa = PBXFileReference; lastKnownFileType = file.storyboard; name = Base; path = Base.lproj/LaunchScreen.storyboard; sourceTree = "<group>"; };
		FB5F3EE323FC8F0F001B9899 /* Info.plist */ = {isa = PBXFileReference; lastKnownFileType = text.plist.xml; path = Info.plist; sourceTree = "<group>"; };
		FB5F3EE423FC8F0F001B9899 /* main.m */ = {isa = PBXFileReference; lastKnownFileType = sourcecode.c.objc; path = main.m; sourceTree = "<group>"; };
		FB5F3EF023FC93F7001B9899 /* LSITimeTrackerViewController.h */ = {isa = PBXFileReference; lastKnownFileType = sourcecode.c.h; path = LSITimeTrackerViewController.h; sourceTree = "<group>"; };
		FB5F3EF123FC93F7001B9899 /* LSITimeTrackerViewController.m */ = {isa = PBXFileReference; lastKnownFileType = sourcecode.c.objc; path = LSITimeTrackerViewController.m; sourceTree = "<group>"; };
/* End PBXFileReference section */

/* Begin PBXFrameworksBuildPhase section */
		FB5F3ECC23FC8F0C001B9899 /* Frameworks */ = {
			isa = PBXFrameworksBuildPhase;
			buildActionMask = 2147483647;
			files = (
			);
			runOnlyForDeploymentPostprocessing = 0;
		};
/* End PBXFrameworksBuildPhase section */

/* Begin PBXGroup section */
		FB5F3EC623FC8F0C001B9899 = {
			isa = PBXGroup;
			children = (
				FB5F3ED123FC8F0C001B9899 /* CustomTimeTracker */,
				FB5F3ED023FC8F0C001B9899 /* Products */,
			);
			sourceTree = "<group>";
		};
		FB5F3ED023FC8F0C001B9899 /* Products */ = {
			isa = PBXGroup;
			children = (
				FB5F3ECF23FC8F0C001B9899 /* CustomTimeTracker.app */,
			);
			name = Products;
			sourceTree = "<group>";
		};
		FB5F3ED123FC8F0C001B9899 /* CustomTimeTracker */ = {
			isa = PBXGroup;
			children = (
				FB5F3EED23FC92AB001B9899 /* VIew */,
				FB5F3EEC23FC9293001B9899 /* ModelController */,
				FB5F3EEB23FC9286001B9899 /* Model */,
				FB5F3ED223FC8F0C001B9899 /* AppDelegate.h */,
				FB5F3EEE23FC92CE001B9899 /* Resources */,
				FB5F3EEF23FC9318001B9899 /* ViewController */,
				FB5F3EE323FC8F0F001B9899 /* Info.plist */,
			);
			path = CustomTimeTracker;
			sourceTree = "<group>";
		};
		FB5F3EEB23FC9286001B9899 /* Model */ = {
			isa = PBXGroup;
			children = (
			);
			path = Model;
			sourceTree = "<group>";
		};
		FB5F3EEC23FC9293001B9899 /* ModelController */ = {
			isa = PBXGroup;
			children = (
			);
			path = ModelController;
			sourceTree = "<group>";
		};
		FB5F3EED23FC92AB001B9899 /* VIew */ = {
			isa = PBXGroup;
			children = (
				FB5F3EF323FC943F001B9899 /* StoryBoard */,
			);
			path = VIew;
			sourceTree = "<group>";
		};
		FB5F3EEE23FC92CE001B9899 /* Resources */ = {
			isa = PBXGroup;
			children = (
				FB5F3EE423FC8F0F001B9899 /* main.m */,
				FB5F3EDE23FC8F0F001B9899 /* Assets.xcassets */,
				FB5F3ED323FC8F0C001B9899 /* AppDelegate.m */,
				FB5F3ED523FC8F0C001B9899 /* SceneDelegate.h */,
				FB5F3ED623FC8F0C001B9899 /* SceneDelegate.m */,
			);
			path = Resources;
			sourceTree = "<group>";
		};
		FB5F3EEF23FC9318001B9899 /* ViewController */ = {
			isa = PBXGroup;
			children = (
				FB5F3EF023FC93F7001B9899 /* LSITimeTrackerViewController.h */,
				FB5F3EF123FC93F7001B9899 /* LSITimeTrackerViewController.m */,
			);
			path = ViewController;
			sourceTree = "<group>";
		};
		FB5F3EF323FC943F001B9899 /* StoryBoard */ = {
			isa = PBXGroup;
			children = (
				FB5F3EDB23FC8F0C001B9899 /* Main.storyboard */,
				FB5F3EE023FC8F0F001B9899 /* LaunchScreen.storyboard */,
			);
			path = StoryBoard;
			sourceTree = "<group>";
		};
/* End PBXGroup section */

/* Begin PBXNativeTarget section */
		FB5F3ECE23FC8F0C001B9899 /* CustomTimeTracker */ = {
			isa = PBXNativeTarget;
			buildConfigurationList = FB5F3EE823FC8F0F001B9899 /* Build configuration list for PBXNativeTarget "CustomTimeTracker" */;
			buildPhases = (
				FB5F3ECB23FC8F0C001B9899 /* Sources */,
				FB5F3ECC23FC8F0C001B9899 /* Frameworks */,
				FB5F3ECD23FC8F0C001B9899 /* Resources */,
			);
			buildRules = (
			);
			dependencies = (
			);
			name = CustomTimeTracker;
			productName = CustomTimeTracker;
			productReference = FB5F3ECF23FC8F0C001B9899 /* CustomTimeTracker.app */;
			productType = "com.apple.product-type.application";
		};
/* End PBXNativeTarget section */

/* Begin PBXProject section */
		FB5F3EC723FC8F0C001B9899 /* Project object */ = {
			isa = PBXProject;
			attributes = {
				LastUpgradeCheck = 1110;
				ORGANIZATIONNAME = Lambda_School_Loaner_219;
				TargetAttributes = {
					FB5F3ECE23FC8F0C001B9899 = {
						CreatedOnToolsVersion = 11.1;
					};
				};
			};
			buildConfigurationList = FB5F3ECA23FC8F0C001B9899 /* Build configuration list for PBXProject "CustomTimeTracker" */;
			compatibilityVersion = "Xcode 9.3";
			developmentRegion = en;
			hasScannedForEncodings = 0;
			knownRegions = (
				en,
				Base,
			);
			mainGroup = FB5F3EC623FC8F0C001B9899;
			productRefGroup = FB5F3ED023FC8F0C001B9899 /* Products */;
			projectDirPath = "";
			projectRoot = "";
			targets = (
				FB5F3ECE23FC8F0C001B9899 /* CustomTimeTracker */,
			);
		};
/* End PBXProject section */

/* Begin PBXResourcesBuildPhase section */
		FB5F3ECD23FC8F0C001B9899 /* Resources */ = {
			isa = PBXResourcesBuildPhase;
			buildActionMask = 2147483647;
			files = (
				FB5F3EE223FC8F0F001B9899 /* LaunchScreen.storyboard in Resources */,
				FB5F3EDF23FC8F0F001B9899 /* Assets.xcassets in Resources */,
				FB5F3EDD23FC8F0C001B9899 /* Main.storyboard in Resources */,
			);
			runOnlyForDeploymentPostprocessing = 0;
		};
/* End PBXResourcesBuildPhase section */

/* Begin PBXSourcesBuildPhase section */
		FB5F3ECB23FC8F0C001B9899 /* Sources */ = {
			isa = PBXSourcesBuildPhase;
			buildActionMask = 2147483647;
			files = (
				FB5F3ED423FC8F0C001B9899 /* AppDelegate.m in Sources */,
				FB5F3EE523FC8F0F001B9899 /* main.m in Sources */,
				FB5F3ED723FC8F0C001B9899 /* SceneDelegate.m in Sources */,
				FB5F3EF223FC93F7001B9899 /* LSITimeTrackerViewController.m in Sources */,
			);
			runOnlyForDeploymentPostprocessing = 0;
		};
/* End PBXSourcesBuildPhase section */

/* Begin PBXVariantGroup section */
		FB5F3EDB23FC8F0C001B9899 /* Main.storyboard */ = {
			isa = PBXVariantGroup;
			children = (
				FB5F3EDC23FC8F0C001B9899 /* Base */,
			);
			name = Main.storyboard;
			sourceTree = "<group>";
		};
		FB5F3EE023FC8F0F001B9899 /* LaunchScreen.storyboard */ = {
			isa = PBXVariantGroup;
			children = (
				FB5F3EE123FC8F0F001B9899 /* Base */,
			);
			name = LaunchScreen.storyboard;
			sourceTree = "<group>";
		};
/* End PBXVariantGroup section */

/* Begin XCBuildConfiguration section */
		FB5F3EE623FC8F0F001B9899 /* Debug */ = {
			isa = XCBuildConfiguration;
			buildSettings = {
				ALWAYS_SEARCH_USER_PATHS = NO;
				CLANG_ANALYZER_NONNULL = YES;
				CLANG_ANALYZER_NUMBER_OBJECT_CONVERSION = YES_AGGRESSIVE;
				CLANG_CXX_LANGUAGE_STANDARD = "gnu++14";
				CLANG_CXX_LIBRARY = "libc++";
				CLANG_ENABLE_MODULES = YES;
				CLANG_ENABLE_OBJC_ARC = YES;
				CLANG_ENABLE_OBJC_WEAK = YES;
				CLANG_WARN_BLOCK_CAPTURE_AUTORELEASING = YES;
				CLANG_WARN_BOOL_CONVERSION = YES;
				CLANG_WARN_COMMA = YES;
				CLANG_WARN_CONSTANT_CONVERSION = YES;
				CLANG_WARN_DEPRECATED_OBJC_IMPLEMENTATIONS = YES;
				CLANG_WARN_DIRECT_OBJC_ISA_USAGE = YES_ERROR;
				CLANG_WARN_DOCUMENTATION_COMMENTS = YES;
				CLANG_WARN_EMPTY_BODY = YES;
				CLANG_WARN_ENUM_CONVERSION = YES;
				CLANG_WARN_INFINITE_RECURSION = YES;
				CLANG_WARN_INT_CONVERSION = YES;
				CLANG_WARN_NON_LITERAL_NULL_CONVERSION = YES;
				CLANG_WARN_OBJC_IMPLICIT_RETAIN_SELF = YES;
				CLANG_WARN_OBJC_LITERAL_CONVERSION = YES;
				CLANG_WARN_OBJC_ROOT_CLASS = YES_ERROR;
				CLANG_WARN_RANGE_LOOP_ANALYSIS = YES;
				CLANG_WARN_STRICT_PROTOTYPES = YES;
				CLANG_WARN_SUSPICIOUS_MOVE = YES;
				CLANG_WARN_UNGUARDED_AVAILABILITY = YES_AGGRESSIVE;
				CLANG_WARN_UNREACHABLE_CODE = YES;
				CLANG_WARN__DUPLICATE_METHOD_MATCH = YES;
				COPY_PHASE_STRIP = NO;
				DEBUG_INFORMATION_FORMAT = dwarf;
				ENABLE_STRICT_OBJC_MSGSEND = YES;
				ENABLE_TESTABILITY = YES;
				GCC_C_LANGUAGE_STANDARD = gnu11;
				GCC_DYNAMIC_NO_PIC = NO;
				GCC_NO_COMMON_BLOCKS = YES;
				GCC_OPTIMIZATION_LEVEL = 0;
				GCC_PREPROCESSOR_DEFINITIONS = (
					"DEBUG=1",
					"$(inherited)",
				);
				GCC_WARN_64_TO_32_BIT_CONVERSION = YES;
				GCC_WARN_ABOUT_RETURN_TYPE = YES_ERROR;
				GCC_WARN_UNDECLARED_SELECTOR = YES;
				GCC_WARN_UNINITIALIZED_AUTOS = YES_AGGRESSIVE;
				GCC_WARN_UNUSED_FUNCTION = YES;
				GCC_WARN_UNUSED_VARIABLE = YES;
				IPHONEOS_DEPLOYMENT_TARGET = 13.1;
				MTL_ENABLE_DEBUG_INFO = INCLUDE_SOURCE;
				MTL_FAST_MATH = YES;
				ONLY_ACTIVE_ARCH = YES;
				SDKROOT = iphoneos;
			};
			name = Debug;
		};
		FB5F3EE723FC8F0F001B9899 /* Release */ = {
			isa = XCBuildConfiguration;
			buildSettings = {
				ALWAYS_SEARCH_USER_PATHS = NO;
				CLANG_ANALYZER_NONNULL = YES;
				CLANG_ANALYZER_NUMBER_OBJECT_CONVERSION = YES_AGGRESSIVE;
				CLANG_CXX_LANGUAGE_STANDARD = "gnu++14";
				CLANG_CXX_LIBRARY = "libc++";
				CLANG_ENABLE_MODULES = YES;
				CLANG_ENABLE_OBJC_ARC = YES;
				CLANG_ENABLE_OBJC_WEAK = YES;
				CLANG_WARN_BLOCK_CAPTURE_AUTORELEASING = YES;
				CLANG_WARN_BOOL_CONVERSION = YES;
				CLANG_WARN_COMMA = YES;
				CLANG_WARN_CONSTANT_CONVERSION = YES;
				CLANG_WARN_DEPRECATED_OBJC_IMPLEMENTATIONS = YES;
				CLANG_WARN_DIRECT_OBJC_ISA_USAGE = YES_ERROR;
				CLANG_WARN_DOCUMENTATION_COMMENTS = YES;
				CLANG_WARN_EMPTY_BODY = YES;
				CLANG_WARN_ENUM_CONVERSION = YES;
				CLANG_WARN_INFINITE_RECURSION = YES;
				CLANG_WARN_INT_CONVERSION = YES;
				CLANG_WARN_NON_LITERAL_NULL_CONVERSION = YES;
				CLANG_WARN_OBJC_IMPLICIT_RETAIN_SELF = YES;
				CLANG_WARN_OBJC_LITERAL_CONVERSION = YES;
				CLANG_WARN_OBJC_ROOT_CLASS = YES_ERROR;
				CLANG_WARN_RANGE_LOOP_ANALYSIS = YES;
				CLANG_WARN_STRICT_PROTOTYPES = YES;
				CLANG_WARN_SUSPICIOUS_MOVE = YES;
				CLANG_WARN_UNGUARDED_AVAILABILITY = YES_AGGRESSIVE;
				CLANG_WARN_UNREACHABLE_CODE = YES;
				CLANG_WARN__DUPLICATE_METHOD_MATCH = YES;
				COPY_PHASE_STRIP = NO;
				DEBUG_INFORMATION_FORMAT = "dwarf-with-dsym";
				ENABLE_NS_ASSERTIONS = NO;
				ENABLE_STRICT_OBJC_MSGSEND = YES;
				GCC_C_LANGUAGE_STANDARD = gnu11;
				GCC_NO_COMMON_BLOCKS = YES;
				GCC_WARN_64_TO_32_BIT_CONVERSION = YES;
				GCC_WARN_ABOUT_RETURN_TYPE = YES_ERROR;
				GCC_WARN_UNDECLARED_SELECTOR = YES;
				GCC_WARN_UNINITIALIZED_AUTOS = YES_AGGRESSIVE;
				GCC_WARN_UNUSED_FUNCTION = YES;
				GCC_WARN_UNUSED_VARIABLE = YES;
				IPHONEOS_DEPLOYMENT_TARGET = 13.1;
				MTL_ENABLE_DEBUG_INFO = NO;
				MTL_FAST_MATH = YES;
				SDKROOT = iphoneos;
				VALIDATE_PRODUCT = YES;
			};
			name = Release;
		};
		FB5F3EE923FC8F0F001B9899 /* Debug */ = {
			isa = XCBuildConfiguration;
			buildSettings = {
				ASSETCATALOG_COMPILER_APPICON_NAME = AppIcon;
				CODE_SIGN_STYLE = Automatic;
				DEVELOPMENT_TEAM = 4JYCUK7B5K;
				INFOPLIST_FILE = CustomTimeTracker/Info.plist;
				LD_RUNPATH_SEARCH_PATHS = (
					"$(inherited)",
					"@executable_path/Frameworks",
				);
				PRODUCT_BUNDLE_IDENTIFIER = lambda.CustomTimeTracker;
				PRODUCT_NAME = "$(TARGET_NAME)";
				TARGETED_DEVICE_FAMILY = "1,2";
			};
			name = Debug;
		};
		FB5F3EEA23FC8F0F001B9899 /* Release */ = {
			isa = XCBuildConfiguration;
			buildSettings = {
				ASSETCATALOG_COMPILER_APPICON_NAME = AppIcon;
				CODE_SIGN_STYLE = Automatic;
				DEVELOPMENT_TEAM = 4JYCUK7B5K;
				INFOPLIST_FILE = CustomTimeTracker/Info.plist;
				LD_RUNPATH_SEARCH_PATHS = (
					"$(inherited)",
					"@executable_path/Frameworks",
				);
				PRODUCT_BUNDLE_IDENTIFIER = lambda.CustomTimeTracker;
				PRODUCT_NAME = "$(TARGET_NAME)";
				TARGETED_DEVICE_FAMILY = "1,2";
			};
			name = Release;
		};
/* End XCBuildConfiguration section */

/* Begin XCConfigurationList section */
		FB5F3ECA23FC8F0C001B9899 /* Build configuration list for PBXProject "CustomTimeTracker" */ = {
			isa = XCConfigurationList;
			buildConfigurations = (
				FB5F3EE623FC8F0F001B9899 /* Debug */,
				FB5F3EE723FC8F0F001B9899 /* Release */,
			);
			defaultConfigurationIsVisible = 0;
			defaultConfigurationName = Release;
		};
		FB5F3EE823FC8F0F001B9899 /* Build configuration list for PBXNativeTarget "CustomTimeTracker" */ = {
			isa = XCConfigurationList;
			buildConfigurations = (
				FB5F3EE923FC8F0F001B9899 /* Debug */,
				FB5F3EEA23FC8F0F001B9899 /* Release */,
			);
			defaultConfigurationIsVisible = 0;
			defaultConfigurationName = Release;
		};
/* End XCConfigurationList section */
	};
	rootObject = FB5F3EC723FC8F0C001B9899 /* Project object */;
}
